<?xml version="1.0" encoding="utf-8"?>
<Project ToolsVersion="4.0" xmlns="http://schemas.microsoft.com/developer/msbuild/2003">
  <ItemGroup>
    <Filter Include="src">
      <UniqueIdentifier>{3f9aef99-310d-4838-9c04-198fc0a7b5a6}</UniqueIdentifier>
    </Filter>
  </ItemGroup>
  <ItemGroup>
    <ClCompile Include="BasicGUIApp.cpp">
      <Filter>src</Filter>
    </ClCompile>
  </ItemGroup>
</Project>